
Microsoft Visual Studio Solution File, Format Version 12.00
# Visual Studio Version 17
VisualStudioVersion = 17.7.34031.279
MinimumVisualStudioVersion = 10.0.40219.1
Project("{FAE04EC0-301F-11D3-BF4B-00C04F79EFBC}") = "Parcial2AcuñaLuzzi", "WebApplication8\Parcial2AcuñaLuzzi.csproj", "{1E40D6D7-2675-4FD9-A5C1-9F014A870B38}"
EndProject
Global
	GlobalSection(SolutionConfigurationPlatforms) = preSolution
		Debug|Any CPU = Debug|Any CPU
		Release|Any CPU = Release|Any CPU
	EndGlobalSection
	GlobalSection(ProjectConfigurationPlatforms) = postSolution
		{1E40D6D7-2675-4FD9-A5C1-9F014A870B38}.Debug|Any CPU.ActiveCfg = Debug|Any CPU
		{1E40D6D7-2675-4FD9-A5C1-9F014A870B38}.Debug|Any CPU.Build.0 = Debug|Any CPU
		{1E40D6D7-2675-4FD9-A5C1-9F014A870B38}.Release|Any CPU.ActiveCfg = Release|Any CPU
		{1E40D6D7-2675-4FD9-A5C1-9F014A870B38}.Release|Any CPU.Build.0 = Release|Any CPU
	EndGlobalSection
	GlobalSection(SolutionProperties) = preSolution
		HideSolutionNode = FALSE
	EndGlobalSection
	GlobalSection(ExtensibilityGlobals) = postSolution
		SolutionGuid = {6844E88B-046B-480B-A230-E33A266514C8}
	EndGlobalSection
EndGlobal
